
Microsoft Visual Studio Solution File, Format Version 12.00
# Visual Studio 2013
VisualStudioVersion = 12.0.30501.0
MinimumVisualStudioVersion = 10.0.40219.1
Project("{8BC9CEB8-8B4A-11D0-8D11-00A0C91BC942}") = "LearnOpengl_Blend", "LearnOpengl_Blend.vcxproj", "{45EB22C2-2BF0-4571-880D-BE8EBFBD8A36}"
EndProject
Global
	GlobalSection(SolutionConfigurationPlatforms) = preSolution
		Debug|Win32 = Debug|Win32
		Release|Win32 = Release|Win32
	EndGlobalSection
	GlobalSection(ProjectConfigurationPlatforms) = postSolution
		{45EB22C2-2BF0-4571-880D-BE8EBFBD8A36}.Debug|Win32.ActiveCfg = Debug|Win32
		{45EB22C2-2BF0-4571-880D-BE8EBFBD8A36}.Debug|Win32.Build.0 = Debug|Win32
		{45EB22C2-2BF0-4571-880D-BE8EBFBD8A36}.Release|Win32.ActiveCfg = Release|Win32
		{45EB22C2-2BF0-4571-880D-BE8EBFBD8A36}.Release|Win32.Build.0 = Release|Win32
	EndGlobalSection
	GlobalSection(SolutionProperties) = preSolution
		HideSolutionNode = FALSE
	EndGlobalSection
EndGlobal
